
Microsoft Visual Studio Solution File, Format Version 11.00
# Visual Studio 2010
Project("{FAE04EC0-301F-11D3-BF4B-00C04F79EFBC}") = "Assembly-CSharp", "Assembly-CSharp.csproj", "{b7d26ccd-30d3-d268-9184-e364dfb4ffa4}"
EndProject
Project("{FAE04EC0-301F-11D3-BF4B-00C04F79EFBC}") = "Assembly-CSharp-Editor", "Assembly-CSharp-Editor.csproj", "{17abc6b4-0838-1f41-6618-424384f27dc6}"
EndProject
Global
	GlobalSection(SolutionConfigurationPlatforms) = preSolution
		Debug|Any CPU = Debug|Any CPU
	EndGlobalSection
	GlobalSection(ProjectConfigurationPlatforms) = postSolution
		{b7d26ccd-30d3-d268-9184-e364dfb4ffa4}.Debug|Any CPU.ActiveCfg = Debug|Any CPU
		{b7d26ccd-30d3-d268-9184-e364dfb4ffa4}.Debug|Any CPU.Build.0 = Debug|Any CPU
		{17abc6b4-0838-1f41-6618-424384f27dc6}.Debug|Any CPU.ActiveCfg = Debug|Any CPU
		{17abc6b4-0838-1f41-6618-424384f27dc6}.Debug|Any CPU.Build.0 = Debug|Any CPU
	EndGlobalSection
	GlobalSection(SolutionProperties) = preSolution
		HideSolutionNode = FALSE
	EndGlobalSection
EndGlobal
